
Microsoft Visual Studio Solution File, Format Version 12.00
# Visual Studio Version 16
VisualStudioVersion = 16.0.30011.22
MinimumVisualStudioVersion = 10.0.40219.1
Project("{FAE04EC0-301F-11D3-BF4B-00C04F79EFBC}") = "WebServer", "WebServer\WebServer.csproj", "{C4740E51-C0FA-43D3-903B-010679368C3B}"
EndProject
Project("{FAE04EC0-301F-11D3-BF4B-00C04F79EFBC}") = "IntermediateData", "IntermediateData\IntermediateData.csproj", "{48BCAF45-2B35-4B85-944C-DE6C709A4451}"
EndProject
Project("{FAE04EC0-301F-11D3-BF4B-00C04F79EFBC}") = "ClientApplication", "ClientApplication\ClientApplication.csproj", "{3FD63AB9-B5F7-442E-860D-9B19BD59CFE5}"
EndProject
Global
	GlobalSection(SolutionConfigurationPlatforms) = preSolution
		Debug|Any CPU = Debug|Any CPU
		Release|Any CPU = Release|Any CPU
	EndGlobalSection
	GlobalSection(ProjectConfigurationPlatforms) = postSolution
		{C4740E51-C0FA-43D3-903B-010679368C3B}.Debug|Any CPU.ActiveCfg = Debug|Any CPU
		{C4740E51-C0FA-43D3-903B-010679368C3B}.Debug|Any CPU.Build.0 = Debug|Any CPU
		{C4740E51-C0FA-43D3-903B-010679368C3B}.Release|Any CPU.ActiveCfg = Release|Any CPU
		{C4740E51-C0FA-43D3-903B-010679368C3B}.Release|Any CPU.Build.0 = Release|Any CPU
		{48BCAF45-2B35-4B85-944C-DE6C709A4451}.Debug|Any CPU.ActiveCfg = Debug|Any CPU
		{48BCAF45-2B35-4B85-944C-DE6C709A4451}.Debug|Any CPU.Build.0 = Debug|Any CPU
		{48BCAF45-2B35-4B85-944C-DE6C709A4451}.Release|Any CPU.ActiveCfg = Release|Any CPU
		{48BCAF45-2B35-4B85-944C-DE6C709A4451}.Release|Any CPU.Build.0 = Release|Any CPU
		{3FD63AB9-B5F7-442E-860D-9B19BD59CFE5}.Debug|Any CPU.ActiveCfg = Debug|Any CPU
		{3FD63AB9-B5F7-442E-860D-9B19BD59CFE5}.Debug|Any CPU.Build.0 = Debug|Any CPU
		{3FD63AB9-B5F7-442E-860D-9B19BD59CFE5}.Release|Any CPU.ActiveCfg = Release|Any CPU
		{3FD63AB9-B5F7-442E-860D-9B19BD59CFE5}.Release|Any CPU.Build.0 = Release|Any CPU
	EndGlobalSection
	GlobalSection(SolutionProperties) = preSolution
		HideSolutionNode = FALSE
	EndGlobalSection
	GlobalSection(ExtensibilityGlobals) = postSolution
		SolutionGuid = {F718AD9E-FDEB-4FB0-83AE-7DA023130334}
	EndGlobalSection
EndGlobal
